// !$*UTF8*$!
{
	archiveVersion = 1;
	classes = {
	};
	objectVersion = 46;
	objects = {

/* Begin PBXBuildFile section */
		9C56C1731834B80600A8CD95 /* Foundation.framework in Frameworks */ = {isa = PBXBuildFile; fileRef = 9C56C1721834B80600A8CD95 /* Foundation.framework */; };
		9C56C1751834B80600A8CD95 /* CoreGraphics.framework in Frameworks */ = {isa = PBXBuildFile; fileRef = 9C56C1741834B80600A8CD95 /* CoreGraphics.framework */; };
		9C56C1771834B80600A8CD95 /* UIKit.framework in Frameworks */ = {isa = PBXBuildFile; fileRef = 9C56C1761834B80600A8CD95 /* UIKit.framework */; };
		9C56C17D1834B80600A8CD95 /* InfoPlist.strings in Resources */ = {isa = PBXBuildFile; fileRef = 9C56C17B1834B80600A8CD95 /* InfoPlist.strings */; };
		9C56C17F1834B80600A8CD95 /* main.m in Sources */ = {isa = PBXBuildFile; fileRef = 9C56C17E1834B80600A8CD95 /* main.m */; };
		9C56C1831834B80600A8CD95 /* AppDelegate.m in Sources */ = {isa = PBXBuildFile; fileRef = 9C56C1821834B80600A8CD95 /* AppDelegate.m */; };
		9C56C1861834B80600A8CD95 /* Main.storyboard in Resources */ = {isa = PBXBuildFile; fileRef = 9C56C1841834B80600A8CD95 /* Main.storyboard */; };
		9C56C1891834B80600A8CD95 /* ViewController.m in Sources */ = {isa = PBXBuildFile; fileRef = 9C56C1881834B80600A8CD95 /* ViewController.m */; };
		9C56C18B1834B80600A8CD95 /* Images.xcassets in Resources */ = {isa = PBXBuildFile; fileRef = 9C56C18A1834B80600A8CD95 /* Images.xcassets */; };
		9C56C1921834B80600A8CD95 /* XCTest.framework in Frameworks */ = {isa = PBXBuildFile; fileRef = 9C56C1911834B80600A8CD95 /* XCTest.framework */; };
		9C56C1931834B80600A8CD95 /* Foundation.framework in Frameworks */ = {isa = PBXBuildFile; fileRef = 9C56C1721834B80600A8CD95 /* Foundation.framework */; };
		9C56C1941834B80600A8CD95 /* UIKit.framework in Frameworks */ = {isa = PBXBuildFile; fileRef = 9C56C1761834B80600A8CD95 /* UIKit.framework */; };
		9C56C19C1834B80600A8CD95 /* InfoPlist.strings in Resources */ = {isa = PBXBuildFile; fileRef = 9C56C19A1834B80600A8CD95 /* InfoPlist.strings */; };
		9C56C19E1834B80600A8CD95 /* ScrollAnimTests.m in Sources */ = {isa = PBXBuildFile; fileRef = 9C56C19D1834B80600A8CD95 /* ScrollAnimTests.m */; };
/* End PBXBuildFile section */

/* Begin PBXContainerItemProxy section */
		9C56C1951834B80600A8CD95 /* PBXContainerItemProxy */ = {
			isa = PBXContainerItemProxy;
			containerPortal = 9C56C1671834B80600A8CD95 /* Project object */;
			proxyType = 1;
			remoteGlobalIDString = 9C56C16E1834B80600A8CD95;
			remoteInfo = ScrollAnim;
		};
/* End PBXContainerItemProxy section */

/* Begin PBXFileReference section */
		9C56C16F1834B80600A8CD95 /* ScrollAnim.app */ = {isa = PBXFileReference; explicitFileType = wrapper.application; includeInIndex = 0; path = ScrollAnim.app; sourceTree = BUILT_PRODUCTS_DIR; };
		9C56C1721834B80600A8CD95 /* Foundation.framework */ = {isa = PBXFileReference; lastKnownFileType = wrapper.framework; name = Foundation.framework; path = System/Library/Frameworks/Foundation.framework; sourceTree = SDKROOT; };
		9C56C1741834B80600A8CD95 /* CoreGraphics.framework */ = {isa = PBXFileReference; lastKnownFileType = wrapper.framework; name = CoreGraphics.framework; path = System/Library/Frameworks/CoreGraphics.framework; sourceTree = SDKROOT; };
		9C56C1761834B80600A8CD95 /* UIKit.framework */ = {isa = PBXFileReference; lastKnownFileType = wrapper.framework; name = UIKit.framework; path = System/Library/Frameworks/UIKit.framework; sourceTree = SDKROOT; };
		9C56C17A1834B80600A8CD95 /* ScrollAnim-Info.plist */ = {isa = PBXFileReference; lastKnownFileType = text.plist.xml; path = "ScrollAnim-Info.plist"; sourceTree = "<group>"; };
		9C56C17C1834B80600A8CD95 /* en */ = {isa = PBXFileReference; lastKnownFileType = text.plist.strings; name = en; path = en.lproj/InfoPlist.strings; sourceTree = "<group>"; };
		9C56C17E1834B80600A8CD95 /* main.m */ = {isa = PBXFileReference; lastKnownFileType = sourcecode.c.objc; path = main.m; sourceTree = "<group>"; };
		9C56C1801834B80600A8CD95 /* ScrollAnim-Prefix.pch */ = {isa = PBXFileReference; lastKnownFileType = sourcecode.c.h; path = "ScrollAnim-Prefix.pch"; sourceTree = "<group>"; };
		9C56C1811834B80600A8CD95 /* AppDelegate.h */ = {isa = PBXFileReference; lastKnownFileType = sourcecode.c.h; path = AppDelegate.h; sourceTree = "<group>"; };
		9C56C1821834B80600A8CD95 /* AppDelegate.m */ = {isa = PBXFileReference; lastKnownFileType = sourcecode.c.objc; path = AppDelegate.m; sourceTree = "<group>"; };
		9C56C1851834B80600A8CD95 /* Base */ = {isa = PBXFileReference; lastKnownFileType = file.storyboard; name = Base; path = Base.lproj/Main.storyboard; sourceTree = "<group>"; };
		9C56C1871834B80600A8CD95 /* ViewController.h */ = {isa = PBXFileReference; lastKnownFileType = sourcecode.c.h; path = ViewController.h; sourceTree = "<group>"; };
		9C56C1881834B80600A8CD95 /* ViewController.m */ = {isa = PBXFileReference; lastKnownFileType = sourcecode.c.objc; path = ViewController.m; sourceTree = "<group>"; };
		9C56C18A1834B80600A8CD95 /* Images.xcassets */ = {isa = PBXFileReference; lastKnownFileType = folder.assetcatalog; path = Images.xcassets; sourceTree = "<group>"; };
		9C56C1901834B80600A8CD95 /* ScrollAnimTests.xctest */ = {isa = PBXFileReference; explicitFileType = wrapper.cfbundle; includeInIndex = 0; path = ScrollAnimTests.xctest; sourceTree = BUILT_PRODUCTS_DIR; };
		9C56C1911834B80600A8CD95 /* XCTest.framework */ = {isa = PBXFileReference; lastKnownFileType = wrapper.framework; name = XCTest.framework; path = Library/Frameworks/XCTest.framework; sourceTree = DEVELOPER_DIR; };
		9C56C1991834B80600A8CD95 /* ScrollAnimTests-Info.plist */ = {isa = PBXFileReference; lastKnownFileType = text.plist.xml; path = "ScrollAnimTests-Info.plist"; sourceTree = "<group>"; };
		9C56C19B1834B80600A8CD95 /* en */ = {isa = PBXFileReference; lastKnownFileType = text.plist.strings; name = en; path = en.lproj/InfoPlist.strings; sourceTree = "<group>"; };
		9C56C19D1834B80600A8CD95 /* ScrollAnimTests.m */ = {isa = PBXFileReference; lastKnownFileType = sourcecode.c.objc; path = ScrollAnimTests.m; sourceTree = "<group>"; };
/* End PBXFileReference section */

/* Begin PBXFrameworksBuildPhase section */
		9C56C16C1834B80600A8CD95 /* Frameworks */ = {
			isa = PBXFrameworksBuildPhase;
			buildActionMask = 2147483647;
			files = (
				9C56C1751834B80600A8CD95 /* CoreGraphics.framework in Frameworks */,
				9C56C1771834B80600A8CD95 /* UIKit.framework in Frameworks */,
				9C56C1731834B80600A8CD95 /* Foundation.framework in Frameworks */,
			);
			runOnlyForDeploymentPostprocessing = 0;
		};
		9C56C18D1834B80600A8CD95 /* Frameworks */ = {
			isa = PBXFrameworksBuildPhase;
			buildActionMask = 2147483647;
			files = (
				9C56C1921834B80600A8CD95 /* XCTest.framework in Frameworks */,
				9C56C1941834B80600A8CD95 /* UIKit.framework in Frameworks */,
				9C56C1931834B80600A8CD95 /* Foundation.framework in Frameworks */,
			);
			runOnlyForDeploymentPostprocessing = 0;
		};
/* End PBXFrameworksBuildPhase section */

/* Begin PBXGroup section */
		9C56C1661834B80600A8CD95 = {
			isa = PBXGroup;
			children = (
				9C56C1781834B80600A8CD95 /* ScrollAnim */,
				9C56C1971834B80600A8CD95 /* ScrollAnimTests */,
				9C56C1711834B80600A8CD95 /* Frameworks */,
				9C56C1701834B80600A8CD95 /* Products */,
			);
			sourceTree = "<group>";
		};
		9C56C1701834B80600A8CD95 /* Products */ = {
			isa = PBXGroup;
			children = (
				9C56C16F1834B80600A8CD95 /* ScrollAnim.app */,
				9C56C1901834B80600A8CD95 /* ScrollAnimTests.xctest */,
			);
			name = Products;
			sourceTree = "<group>";
		};
		9C56C1711834B80600A8CD95 /* Frameworks */ = {
			isa = PBXGroup;
			children = (
				9C56C1721834B80600A8CD95 /* Foundation.framework */,
				9C56C1741834B80600A8CD95 /* CoreGraphics.framework */,
				9C56C1761834B80600A8CD95 /* UIKit.framework */,
				9C56C1911834B80600A8CD95 /* XCTest.framework */,
			);
			name = Frameworks;
			sourceTree = "<group>";
		};
		9C56C1781834B80600A8CD95 /* ScrollAnim */ = {
			isa = PBXGroup;
			children = (
				9C56C1811834B80600A8CD95 /* AppDelegate.h */,
				9C56C1821834B80600A8CD95 /* AppDelegate.m */,
				9C56C1841834B80600A8CD95 /* Main.storyboard */,
				9C56C1871834B80600A8CD95 /* ViewController.h */,
				9C56C1881834B80600A8CD95 /* ViewController.m */,
				9C56C18A1834B80600A8CD95 /* Images.xcassets */,
				9C56C1791834B80600A8CD95 /* Supporting Files */,
			);
			path = ScrollAnim;
			sourceTree = "<group>";
		};
		9C56C1791834B80600A8CD95 /* Supporting Files */ = {
			isa = PBXGroup;
			children = (
				9C56C17A1834B80600A8CD95 /* ScrollAnim-Info.plist */,
				9C56C17B1834B80600A8CD95 /* InfoPlist.strings */,
				9C56C17E1834B80600A8CD95 /* main.m */,
				9C56C1801834B80600A8CD95 /* ScrollAnim-Prefix.pch */,
			);
			name = "Supporting Files";
			sourceTree = "<group>";
		};
		9C56C1971834B80600A8CD95 /* ScrollAnimTests */ = {
			isa = PBXGroup;
			children = (
				9C56C19D1834B80600A8CD95 /* ScrollAnimTests.m */,
				9C56C1981834B80600A8CD95 /* Supporting Files */,
			);
			path = ScrollAnimTests;
			sourceTree = "<group>";
		};
		9C56C1981834B80600A8CD95 /* Supporting Files */ = {
			isa = PBXGroup;
			children = (
				9C56C1991834B80600A8CD95 /* ScrollAnimTests-Info.plist */,
				9C56C19A1834B80600A8CD95 /* InfoPlist.strings */,
			);
			name = "Supporting Files";
			sourceTree = "<group>";
		};
/* End PBXGroup section */

/* Begin PBXNativeTarget section */
		9C56C16E1834B80600A8CD95 /* ScrollAnim */ = {
			isa = PBXNativeTarget;
			buildConfigurationList = 9C56C1A11834B80600A8CD95 /* Build configuration list for PBXNativeTarget "ScrollAnim" */;
			buildPhases = (
				9C56C16B1834B80600A8CD95 /* Sources */,
				9C56C16C1834B80600A8CD95 /* Frameworks */,
				9C56C16D1834B80600A8CD95 /* Resources */,
			);
			buildRules = (
			);
			dependencies = (
			);
			name = ScrollAnim;
			productName = ScrollAnim;
			productReference = 9C56C16F1834B80600A8CD95 /* ScrollAnim.app */;
			productType = "com.apple.product-type.application";
		};
		9C56C18F1834B80600A8CD95 /* ScrollAnimTests */ = {
			isa = PBXNativeTarget;
			buildConfigurationList = 9C56C1A41834B80600A8CD95 /* Build configuration list for PBXNativeTarget "ScrollAnimTests" */;
			buildPhases = (
				9C56C18C1834B80600A8CD95 /* Sources */,
				9C56C18D1834B80600A8CD95 /* Frameworks */,
				9C56C18E1834B80600A8CD95 /* Resources */,
			);
			buildRules = (
			);
			dependencies = (
				9C56C1961834B80600A8CD95 /* PBXTargetDependency */,
			);
			name = ScrollAnimTests;
			productName = ScrollAnimTests;
			productReference = 9C56C1901834B80600A8CD95 /* ScrollAnimTests.xctest */;
			productType = "com.apple.product-type.bundle.unit-test";
		};
/* End PBXNativeTarget section */

/* Begin PBXProject section */
		9C56C1671834B80600A8CD95 /* Project object */ = {
			isa = PBXProject;
			attributes = {
				LastUpgradeCheck = 0500;
				ORGANIZATIONNAME = "Li Shuo";
				TargetAttributes = {
					9C56C18F1834B80600A8CD95 = {
						TestTargetID = 9C56C16E1834B80600A8CD95;
					};
				};
			};
			buildConfigurationList = 9C56C16A1834B80600A8CD95 /* Build configuration list for PBXProject "ScrollAnim" */;
			compatibilityVersion = "Xcode 3.2";
			developmentRegion = English;
			hasScannedForEncodings = 0;
			knownRegions = (
				en,
				Base,
			);
			mainGroup = 9C56C1661834B80600A8CD95;
			productRefGroup = 9C56C1701834B80600A8CD95 /* Products */;
			projectDirPath = "";
			projectRoot = "";
			targets = (
				9C56C16E1834B80600A8CD95 /* ScrollAnim */,
				9C56C18F1834B80600A8CD95 /* ScrollAnimTests */,
			);
		};
/* End PBXProject section */

/* Begin PBXResourcesBuildPhase section */
		9C56C16D1834B80600A8CD95 /* Resources */ = {
			isa = PBXResourcesBuildPhase;
			buildActionMask = 2147483647;
			files = (
				9C56C18B1834B80600A8CD95 /* Images.xcassets in Resources */,
				9C56C17D1834B80600A8CD95 /* InfoPlist.strings in Resources */,
				9C56C1861834B80600A8CD95 /* Main.storyboard in Resources */,
			);
			runOnlyForDeploymentPostprocessing = 0;
		};
		9C56C18E1834B80600A8CD95 /* Resources */ = {
			isa = PBXResourcesBuildPhase;
			buildActionMask = 2147483647;
			files = (
				9C56C19C1834B80600A8CD95 /* InfoPlist.strings in Resources */,
			);
			runOnlyForDeploymentPostprocessing = 0;
		};
/* End PBXResourcesBuildPhase section */

/* Begin PBXSourcesBuildPhase section */
		9C56C16B1834B80600A8CD95 /* Sources */ = {
			isa = PBXSourcesBuildPhase;
			buildActionMask = 2147483647;
			files = (
				9C56C1891834B80600A8CD95 /* ViewController.m in Sources */,
				9C56C1831834B80600A8CD95 /* AppDelegate.m in Sources */,
				9C56C17F1834B80600A8CD95 /* main.m in Sources */,
			);
			runOnlyForDeploymentPostprocessing = 0;
		};
		9C56C18C1834B80600A8CD95 /* Sources */ = {
			isa = PBXSourcesBuildPhase;
			buildActionMask = 2147483647;
			files = (
				9C56C19E1834B80600A8CD95 /* ScrollAnimTests.m in Sources */,
			);
			runOnlyForDeploymentPostprocessing = 0;
		};
/* End PBXSourcesBuildPhase section */

/* Begin PBXTargetDependency section */
		9C56C1961834B80600A8CD95 /* PBXTargetDependency */ = {
			isa = PBXTargetDependency;
			target = 9C56C16E1834B80600A8CD95 /* ScrollAnim */;
			targetProxy = 9C56C1951834B80600A8CD95 /* PBXContainerItemProxy */;
		};
/* End PBXTargetDependency section */

/* Begin PBXVariantGroup section */
		9C56C17B1834B80600A8CD95 /* InfoPlist.strings */ = {
			isa = PBXVariantGroup;
			children = (
				9C56C17C1834B80600A8CD95 /* en */,
			);
			name = InfoPlist.strings;
			sourceTree = "<group>";
		};
		9C56C1841834B80600A8CD95 /* Main.storyboard */ = {
			isa = PBXVariantGroup;
			children = (
				9C56C1851834B80600A8CD95 /* Base */,
			);
			name = Main.storyboard;
			sourceTree = "<group>";
		};
		9C56C19A1834B80600A8CD95 /* InfoPlist.strings */ = {
			isa = PBXVariantGroup;
			children = (
				9C56C19B1834B80600A8CD95 /* en */,
			);
			name = InfoPlist.strings;
			sourceTree = "<group>";
		};
/* End PBXVariantGroup section */

/* Begin XCBuildConfiguration section */
		9C56C19F1834B80600A8CD95 /* Debug */ = {
			isa = XCBuildConfiguration;
			buildSettings = {
				ALWAYS_SEARCH_USER_PATHS = NO;
				ARCHS = "$(ARCHS_STANDARD_INCLUDING_64_BIT)";
				CLANG_CXX_LANGUAGE_STANDARD = "gnu++0x";
				CLANG_CXX_LIBRARY = "libc++";
				CLANG_ENABLE_MODULES = YES;
				CLANG_ENABLE_OBJC_ARC = YES;
				CLANG_WARN_BOOL_CONVERSION = YES;
				CLANG_WARN_CONSTANT_CONVERSION = YES;
				CLANG_WARN_DIRECT_OBJC_ISA_USAGE = YES_ERROR;
				CLANG_WARN_EMPTY_BODY = YES;
				CLANG_WARN_ENUM_CONVERSION = YES;
				CLANG_WARN_INT_CONVERSION = YES;
				CLANG_WARN_OBJC_ROOT_CLASS = YES_ERROR;
				CLANG_WARN__DUPLICATE_METHOD_MATCH = YES;
				"CODE_SIGN_IDENTITY[sdk=iphoneos*]" = "iPhone Developer";
				COPY_PHASE_STRIP = NO;
				GCC_C_LANGUAGE_STANDARD = gnu99;
				GCC_DYNAMIC_NO_PIC = NO;
				GCC_OPTIMIZATION_LEVEL = 0;
				GCC_PREPROCESSOR_DEFINITIONS = (
					"DEBUG=1",
					"$(inherited)",
				);
				GCC_SYMBOLS_PRIVATE_EXTERN = NO;
				GCC_WARN_64_TO_32_BIT_CONVERSION = YES;
				GCC_WARN_ABOUT_RETURN_TYPE = YES_ERROR;
				GCC_WARN_UNDECLARED_SELECTOR = YES;
				GCC_WARN_UNINITIALIZED_AUTOS = YES;
				GCC_WARN_UNUSED_FUNCTION = YES;
				GCC_WARN_UNUSED_VARIABLE = YES;
				IPHONEOS_DEPLOYMENT_TARGET = 7.0;
				ONLY_ACTIVE_ARCH = YES;
				SDKROOT = iphoneos;
				TARGETED_DEVICE_FAMILY = 2;
			};
			name = Debug;
		};
		9C56C1A01834B80600A8CD95 /* Release */ = {
			isa = XCBuildConfiguration;
			buildSettings = {
				ALWAYS_SEARCH_USER_PATHS = NO;
				ARCHS = "$(ARCHS_STANDARD_INCLUDING_64_BIT)";
				CLANG_CXX_LANGUAGE_STANDARD = "gnu++0x";
				CLANG_CXX_LIBRARY = "libc++";
				CLANG_ENABLE_MODULES = YES;
				CLANG_ENABLE_OBJC_ARC = YES;
				CLANG_WARN_BOOL_CONVERSION = YES;
				CLANG_WARN_CONSTANT_CONVERSION = YES;
				CLANG_WARN_DIRECT_OBJC_ISA_USAGE = YES_ERROR;
				CLANG_WARN_EMPTY_BODY = YES;
				CLANG_WARN_ENUM_CONVERSION = YES;
				CLANG_WARN_INT_CONVERSION = YES;
				CLANG_WARN_OBJC_ROOT_CLASS = YES_ERROR;
				CLANG_WARN__DUPLICATE_METHOD_MATCH = YES;
				"CODE_SIGN_IDENTITY[sdk=iphoneos*]" = "iPhone Developer";
				COPY_PHASE_STRIP = YES;
				ENABLE_NS_ASSERTIONS = NO;
				GCC_C_LANGUAGE_STANDARD = gnu99;
				GCC_WARN_64_TO_32_BIT_CONVERSION = YES;
				GCC_WARN_ABOUT_RETURN_TYPE = YES_ERROR;
				GCC_WARN_UNDECLARED_SELECTOR = YES;
				GCC_WARN_UNINITIALIZED_AUTOS = YES;
				GCC_WARN_UNUSED_FUNCTION = YES;
				GCC_WARN_UNUSED_VARIABLE = YES;
				IPHONEOS_DEPLOYMENT_TARGET = 7.0;
				SDKROOT = iphoneos;
				TARGETED_DEVICE_FAMILY = 2;
				VALIDATE_PRODUCT = YES;
			};
			name = Release;
		};
		9C56C1A21834B80600A8CD95 /* Debug */ = {
			isa = XCBuildConfiguration;
			buildSettings = {
				ASSETCATALOG_COMPILER_APPICON_NAME = AppIcon;
				ASSETCATALOG_COMPILER_LAUNCHIMAGE_NAME = LaunchImage;
				GCC_PRECOMPILE_PREFIX_HEADER = YES;
				GCC_PREFIX_HEADER = "ScrollAnim/ScrollAnim-Prefix.pch";
				INFOPLIST_FILE = "ScrollAnim/ScrollAnim-Info.plist";
				PRODUCT_NAME = "$(TARGET_NAME)";
				WRAPPER_EXTENSION = app;
			};
			name = Debug;
		};
		9C56C1A31834B80600A8CD95 /* Release */ = {
			isa = XCBuildConfiguration;
			buildSettings = {
				ASSETCATALOG_COMPILER_APPICON_NAME = AppIcon;
				ASSETCATALOG_COMPILER_LAUNCHIMAGE_NAME = LaunchImage;
				GCC_PRECOMPILE_PREFIX_HEADER = YES;
				GCC_PREFIX_HEADER = "ScrollAnim/ScrollAnim-Prefix.pch";
				INFOPLIST_FILE = "ScrollAnim/ScrollAnim-Info.plist";
				PRODUCT_NAME = "$(TARGET_NAME)";
				WRAPPER_EXTENSION = app;
			};
			name = Release;
		};
		9C56C1A51834B80600A8CD95 /* Debug */ = {
			isa = XCBuildConfiguration;
			buildSettings = {
				ARCHS = "$(ARCHS_STANDARD_INCLUDING_64_BIT)";
				BUNDLE_LOADER = "$(BUILT_PRODUCTS_DIR)/ScrollAnim.app/ScrollAnim";
				FRAMEWORK_SEARCH_PATHS = (
					"$(SDKROOT)/Developer/Library/Frameworks",
					"$(inherited)",
					"$(DEVELOPER_FRAMEWORKS_DIR)",
				);
				GCC_PRECOMPILE_PREFIX_HEADER = YES;
				GCC_PREFIX_HEADER = "ScrollAnim/ScrollAnim-Prefix.pch";
				GCC_PREPROCESSOR_DEFINITIONS = (
					"DEBUG=1",
					"$(inherited)",
				);
				INFOPLIST_FILE = "ScrollAnimTests/ScrollAnimTests-Info.plist";
				PRODUCT_NAME = "$(TARGET_NAME)";
				TEST_HOST = "$(BUNDLE_LOADER)";
				WRAPPER_EXTENSION = xctest;
			};
			name = Debug;
		};
		9C56C1A61834B80600A8CD95 /* Release */ = {
			isa = XCBuildConfiguration;
			buildSettings = {
				ARCHS = "$(ARCHS_STANDARD_INCLUDING_64_BIT)";
				BUNDLE_LOADER = "$(BUILT_PRODUCTS_DIR)/ScrollAnim.app/ScrollAnim";
				FRAMEWORK_SEARCH_PATHS = (
					"$(SDKROOT)/Developer/Library/Frameworks",
					"$(inherited)",
					"$(DEVELOPER_FRAMEWORKS_DIR)",
				);
				GCC_PRECOMPILE_PREFIX_HEADER = YES;
				GCC_PREFIX_HEADER = "ScrollAnim/ScrollAnim-Prefix.pch";
				INFOPLIST_FILE = "ScrollAnimTests/ScrollAnimTests-Info.plist";
				PRODUCT_NAME = "$(TARGET_NAME)";
				TEST_HOST = "$(BUNDLE_LOADER)";
				WRAPPER_EXTENSION = xctest;
			};
			name = Release;
		};
/* End XCBuildConfiguration section */

/* Begin XCConfigurationList section */
		9C56C16A1834B80600A8CD95 /* Build configuration list for PBXProject "ScrollAnim" */ = {
			isa = XCConfigurationList;
			buildConfigurations = (
				9C56C19F1834B80600A8CD95 /* Debug */,
				9C56C1A01834B80600A8CD95 /* Release */,
			);
			defaultConfigurationIsVisible = 0;
			defaultConfigurationName = Release;
		};
		9C56C1A11834B80600A8CD95 /* Build configuration list for PBXNativeTarget "ScrollAnim" */ = {
			isa = XCConfigurationList;
			buildConfigurations = (
				9C56C1A21834B80600A8CD95 /* Debug */,
				9C56C1A31834B80600A8CD95 /* Release */,
			);
			defaultConfigurationIsVisible = 0;
		};
		9C56C1A41834B80600A8CD95 /* Build configuration list for PBXNativeTarget "ScrollAnimTests" */ = {
			isa = XCConfigurationList;
			buildConfigurations = (
				9C56C1A51834B80600A8CD95 /* Debug */,
				9C56C1A61834B80600A8CD95 /* Release */,
			);
			defaultConfigurationIsVisible = 0;
		};
/* End XCConfigurationList section */
	};
	rootObject = 9C56C1671834B80600A8CD95 /* Project object */;
}
